
Microsoft Visual Studio Solution File, Format Version 12.00
# Visual Studio Version 17
VisualStudioVersion = 17.0.32112.339
MinimumVisualStudioVersion = 10.0.40219.1
Project("{9A19103F-16F7-4668-BE54-9A1E7A4F7556}") = "CSharp_unit_test_practice", "CSharp_unit_test_practice\CSharp_unit_test_practice.csproj", "{23160337-E32C-48B6-A032-9C5EA8F1AB91}"
EndProject
Project("{FAE04EC0-301F-11D3-BF4B-00C04F79EFBC}") = "Class_library_practice_selenium", "Class_library_practice_selenium\Class_library_practice_selenium.csproj", "{B5BA6A19-73BA-488E-809A-90C77F2F5621}"
EndProject
Global
	GlobalSection(SolutionConfigurationPlatforms) = preSolution
		Debug|Any CPU = Debug|Any CPU
		Release|Any CPU = Release|Any CPU
	EndGlobalSection
	GlobalSection(ProjectConfigurationPlatforms) = postSolution
		{23160337-E32C-48B6-A032-9C5EA8F1AB91}.Debug|Any CPU.ActiveCfg = Debug|Any CPU
		{23160337-E32C-48B6-A032-9C5EA8F1AB91}.Debug|Any CPU.Build.0 = Debug|Any CPU
		{23160337-E32C-48B6-A032-9C5EA8F1AB91}.Release|Any CPU.ActiveCfg = Release|Any CPU
		{23160337-E32C-48B6-A032-9C5EA8F1AB91}.Release|Any CPU.Build.0 = Release|Any CPU
		{B5BA6A19-73BA-488E-809A-90C77F2F5621}.Debug|Any CPU.ActiveCfg = Debug|Any CPU
		{B5BA6A19-73BA-488E-809A-90C77F2F5621}.Debug|Any CPU.Build.0 = Debug|Any CPU
		{B5BA6A19-73BA-488E-809A-90C77F2F5621}.Release|Any CPU.ActiveCfg = Release|Any CPU
		{B5BA6A19-73BA-488E-809A-90C77F2F5621}.Release|Any CPU.Build.0 = Release|Any CPU
	EndGlobalSection
	GlobalSection(SolutionProperties) = preSolution
		HideSolutionNode = FALSE
	EndGlobalSection
	GlobalSection(ExtensibilityGlobals) = postSolution
		SolutionGuid = {8B516DBC-6EDB-423E-A1B9-0197A9E5C4B0}
	EndGlobalSection
EndGlobal
